{
  "name": "rondo",
  "lockfileVersion": 3,
  "requires": true,
  "packages": {
    "": {
      "dependencies": {
        "ckeditor4": "^4.25.1"
      }
    },
    "node_modules/ckeditor4": {
      "version": "4.25.1",
      "resolved": "https://registry.npmjs.org/ckeditor4/-/ckeditor4-4.25.1.tgz",
      "integrity": "sha512-azUTe02NzSDfMX1UGWDdkhEdTdB/Ivn9uPyIRpygkCc4jmP/l8KOiK1nCfhSAb3KofD7gl+K+oee1WG0MZnwuQ=="
    }
  }
}
